
Microsoft Visual Studio Solution File, Format Version 12.00
# Visual Studio Version 17
VisualStudioVersion = 17.5.33516.290
MinimumVisualStudioVersion = 10.0.40219.1
Project("{FAE04EC0-301F-11D3-BF4B-00C04F79EFBC}") = "WebAPI", "WebAPI\WebAPI.csproj", "{F8ED127F-294B-4409-9E64-1F6CA65F5E86}"
EndProject
Project("{FAE04EC0-301F-11D3-BF4B-00C04F79EFBC}") = "DL", "DL\DL.csproj", "{E95E6305-5B66-4B8C-AB4F-69CCDC10DA5C}"
EndProject
Project("{FAE04EC0-301F-11D3-BF4B-00C04F79EFBC}") = "Core", "Core\Core.csproj", "{E755A05F-5FF7-460F-8810-148EDF851A08}"
EndProject
Global
	GlobalSection(SolutionConfigurationPlatforms) = preSolution
		Debug|Any CPU = Debug|Any CPU
		Release|Any CPU = Release|Any CPU
	EndGlobalSection
	GlobalSection(ProjectConfigurationPlatforms) = postSolution
		{F8ED127F-294B-4409-9E64-1F6CA65F5E86}.Debug|Any CPU.ActiveCfg = Debug|Any CPU
		{F8ED127F-294B-4409-9E64-1F6CA65F5E86}.Debug|Any CPU.Build.0 = Debug|Any CPU
		{F8ED127F-294B-4409-9E64-1F6CA65F5E86}.Release|Any CPU.ActiveCfg = Release|Any CPU
		{F8ED127F-294B-4409-9E64-1F6CA65F5E86}.Release|Any CPU.Build.0 = Release|Any CPU
		{E95E6305-5B66-4B8C-AB4F-69CCDC10DA5C}.Debug|Any CPU.ActiveCfg = Debug|Any CPU
		{E95E6305-5B66-4B8C-AB4F-69CCDC10DA5C}.Debug|Any CPU.Build.0 = Debug|Any CPU
		{E95E6305-5B66-4B8C-AB4F-69CCDC10DA5C}.Release|Any CPU.ActiveCfg = Release|Any CPU
		{E95E6305-5B66-4B8C-AB4F-69CCDC10DA5C}.Release|Any CPU.Build.0 = Release|Any CPU
		{E755A05F-5FF7-460F-8810-148EDF851A08}.Debug|Any CPU.ActiveCfg = Debug|Any CPU
		{E755A05F-5FF7-460F-8810-148EDF851A08}.Debug|Any CPU.Build.0 = Debug|Any CPU
		{E755A05F-5FF7-460F-8810-148EDF851A08}.Release|Any CPU.ActiveCfg = Release|Any CPU
		{E755A05F-5FF7-460F-8810-148EDF851A08}.Release|Any CPU.Build.0 = Release|Any CPU
	EndGlobalSection
	GlobalSection(SolutionProperties) = preSolution
		HideSolutionNode = FALSE
	EndGlobalSection
	GlobalSection(ExtensibilityGlobals) = postSolution
		SolutionGuid = {C310FC06-ACD1-4D49-BA59-493AF6980365}
	EndGlobalSection
EndGlobal
